
Microsoft Visual Studio Solution File, Format Version 12.00
# Visual Studio Version 17
VisualStudioVersion = 17.9.34607.119
MinimumVisualStudioVersion = 10.0.40219.1
Project("{FAE04EC0-301F-11D3-BF4B-00C04F79EFBC}") = "Sample_Workflow", "Sample_Workflow\Sample_Workflow.csproj", "{A29AC2E4-419E-4DED-A77B-785B6E4052CC}"
EndProject
Global
	GlobalSection(SolutionConfigurationPlatforms) = preSolution
		Debug|Any CPU = Debug|Any CPU
		Release|Any CPU = Release|Any CPU
	EndGlobalSection
	GlobalSection(ProjectConfigurationPlatforms) = postSolution
		{A29AC2E4-419E-4DED-A77B-785B6E4052CC}.Debug|Any CPU.ActiveCfg = Debug|Any CPU
		{A29AC2E4-419E-4DED-A77B-785B6E4052CC}.Debug|Any CPU.Build.0 = Debug|Any CPU
		{A29AC2E4-419E-4DED-A77B-785B6E4052CC}.Release|Any CPU.ActiveCfg = Release|Any CPU
		{A29AC2E4-419E-4DED-A77B-785B6E4052CC}.Release|Any CPU.Build.0 = Release|Any CPU
	EndGlobalSection
	GlobalSection(SolutionProperties) = preSolution
		HideSolutionNode = FALSE
	EndGlobalSection
	GlobalSection(ExtensibilityGlobals) = postSolution
		SolutionGuid = {5CE8D548-B886-4824-AAA3-C86BDB79745C}
	EndGlobalSection
EndGlobal
